
Microsoft Visual Studio Solution File, Format Version 12.00
# Visual Studio Version 17
VisualStudioVersion = 17.6.33801.468
MinimumVisualStudioVersion = 10.0.40219.1
Project("{FAE04EC0-301F-11D3-BF4B-00C04F79EFBC}") = "WindowsFormsApp1", "WindowsFormsApp1\WindowsFormsApp1.csproj", "{6637DAF1-0F93-437E-B324-5E569876892B}"
EndProject
Global
	GlobalSection(SolutionConfigurationPlatforms) = preSolution
		Debug|Any CPU = Debug|Any CPU
		Release|Any CPU = Release|Any CPU
	EndGlobalSection
	GlobalSection(ProjectConfigurationPlatforms) = postSolution
		{6637DAF1-0F93-437E-B324-5E569876892B}.Debug|Any CPU.ActiveCfg = Debug|Any CPU
		{6637DAF1-0F93-437E-B324-5E569876892B}.Debug|Any CPU.Build.0 = Debug|Any CPU
		{6637DAF1-0F93-437E-B324-5E569876892B}.Release|Any CPU.ActiveCfg = Release|Any CPU
		{6637DAF1-0F93-437E-B324-5E569876892B}.Release|Any CPU.Build.0 = Release|Any CPU
	EndGlobalSection
	GlobalSection(SolutionProperties) = preSolution
		HideSolutionNode = FALSE
	EndGlobalSection
	GlobalSection(ExtensibilityGlobals) = postSolution
		SolutionGuid = {96B3B085-21AA-4BD9-8F61-D9C677F14302}
	EndGlobalSection
EndGlobal
